
Microsoft Visual Studio Solution File, Format Version 12.00
# Visual Studio Version 17
VisualStudioVersion = 17.8.34525.116
MinimumVisualStudioVersion = 10.0.40219.1
Project("{FAE04EC0-301F-11D3-BF4B-00C04F79EFBC}") = "Chuong1_Bai10", "Chuong1_Bai10\Chuong1_Bai10.csproj", "{6792FEEF-1FD1-40D7-AD0F-432C76811EA2}"
EndProject
Global
	GlobalSection(SolutionConfigurationPlatforms) = preSolution
		Debug|Any CPU = Debug|Any CPU
		Release|Any CPU = Release|Any CPU
	EndGlobalSection
	GlobalSection(ProjectConfigurationPlatforms) = postSolution
		{6792FEEF-1FD1-40D7-AD0F-432C76811EA2}.Debug|Any CPU.ActiveCfg = Debug|Any CPU
		{6792FEEF-1FD1-40D7-AD0F-432C76811EA2}.Debug|Any CPU.Build.0 = Debug|Any CPU
		{6792FEEF-1FD1-40D7-AD0F-432C76811EA2}.Release|Any CPU.ActiveCfg = Release|Any CPU
		{6792FEEF-1FD1-40D7-AD0F-432C76811EA2}.Release|Any CPU.Build.0 = Release|Any CPU
	EndGlobalSection
	GlobalSection(SolutionProperties) = preSolution
		HideSolutionNode = FALSE
	EndGlobalSection
	GlobalSection(ExtensibilityGlobals) = postSolution
		SolutionGuid = {092F452A-91A3-48EC-811A-D5FCD6CAF849}
	EndGlobalSection
EndGlobal
