
Microsoft Visual Studio Solution File, Format Version 12.00
# Visual Studio Version 17
VisualStudioVersion = 17.8.34525.116
MinimumVisualStudioVersion = 10.0.40219.1
Project("{FAE04EC0-301F-11D3-BF4B-00C04F79EFBC}") = "Chuong1_Bai8", "Chuong1_Bai8\Chuong1_Bai8.csproj", "{5E0EE193-79C2-4AA2-866D-259042EF2D97}"
EndProject
Global
	GlobalSection(SolutionConfigurationPlatforms) = preSolution
		Debug|Any CPU = Debug|Any CPU
		Release|Any CPU = Release|Any CPU
	EndGlobalSection
	GlobalSection(ProjectConfigurationPlatforms) = postSolution
		{5E0EE193-79C2-4AA2-866D-259042EF2D97}.Debug|Any CPU.ActiveCfg = Debug|Any CPU
		{5E0EE193-79C2-4AA2-866D-259042EF2D97}.Debug|Any CPU.Build.0 = Debug|Any CPU
		{5E0EE193-79C2-4AA2-866D-259042EF2D97}.Release|Any CPU.ActiveCfg = Release|Any CPU
		{5E0EE193-79C2-4AA2-866D-259042EF2D97}.Release|Any CPU.Build.0 = Release|Any CPU
	EndGlobalSection
	GlobalSection(SolutionProperties) = preSolution
		HideSolutionNode = FALSE
	EndGlobalSection
	GlobalSection(ExtensibilityGlobals) = postSolution
		SolutionGuid = {589D43E7-6FAC-41AC-A35D-BC79427F19A8}
	EndGlobalSection
EndGlobal
