
Microsoft Visual Studio Solution File, Format Version 12.00
# Visual Studio Version 17
VisualStudioVersion = 17.8.34525.116
MinimumVisualStudioVersion = 10.0.40219.1
Project("{FAE04EC0-301F-11D3-BF4B-00C04F79EFBC}") = "Chuong1_Bai7", "Chuong1_Bai7\Chuong1_Bai7.csproj", "{667630A6-AFB7-4548-A962-38E457600FAE}"
EndProject
Global
	GlobalSection(SolutionConfigurationPlatforms) = preSolution
		Debug|Any CPU = Debug|Any CPU
		Release|Any CPU = Release|Any CPU
	EndGlobalSection
	GlobalSection(ProjectConfigurationPlatforms) = postSolution
		{667630A6-AFB7-4548-A962-38E457600FAE}.Debug|Any CPU.ActiveCfg = Debug|Any CPU
		{667630A6-AFB7-4548-A962-38E457600FAE}.Debug|Any CPU.Build.0 = Debug|Any CPU
		{667630A6-AFB7-4548-A962-38E457600FAE}.Release|Any CPU.ActiveCfg = Release|Any CPU
		{667630A6-AFB7-4548-A962-38E457600FAE}.Release|Any CPU.Build.0 = Release|Any CPU
	EndGlobalSection
	GlobalSection(SolutionProperties) = preSolution
		HideSolutionNode = FALSE
	EndGlobalSection
	GlobalSection(ExtensibilityGlobals) = postSolution
		SolutionGuid = {8F5BDE2C-6F72-468F-BD7A-21A4A1D0FF00}
	EndGlobalSection
EndGlobal
