
Microsoft Visual Studio Solution File, Format Version 12.00
# Visual Studio Version 17
VisualStudioVersion = 17.8.34525.116
MinimumVisualStudioVersion = 10.0.40219.1
Project("{FAE04EC0-301F-11D3-BF4B-00C04F79EFBC}") = "Chuong1_Bai4", "Chuong1_Bai4\Chuong1_Bai4.csproj", "{872F3480-233A-4739-B777-18E754DE80BD}"
EndProject
Global
	GlobalSection(SolutionConfigurationPlatforms) = preSolution
		Debug|Any CPU = Debug|Any CPU
		Release|Any CPU = Release|Any CPU
	EndGlobalSection
	GlobalSection(ProjectConfigurationPlatforms) = postSolution
		{872F3480-233A-4739-B777-18E754DE80BD}.Debug|Any CPU.ActiveCfg = Debug|Any CPU
		{872F3480-233A-4739-B777-18E754DE80BD}.Debug|Any CPU.Build.0 = Debug|Any CPU
		{872F3480-233A-4739-B777-18E754DE80BD}.Release|Any CPU.ActiveCfg = Release|Any CPU
		{872F3480-233A-4739-B777-18E754DE80BD}.Release|Any CPU.Build.0 = Release|Any CPU
	EndGlobalSection
	GlobalSection(SolutionProperties) = preSolution
		HideSolutionNode = FALSE
	EndGlobalSection
	GlobalSection(ExtensibilityGlobals) = postSolution
		SolutionGuid = {228D96E5-C006-4E0A-B856-23EA987D0337}
	EndGlobalSection
EndGlobal
